
Microsoft Visual Studio Solution File, Format Version 12.00
# Visual Studio Version 17
VisualStudioVersion = 17.14.36511.14 d17.14
MinimumVisualStudioVersion = 10.0.40219.1
Project("{FAE04EC0-301F-11D3-BF4B-00C04F79EFBC}") = "SQL_WPF_App", "SQL_WPF_App.csproj", "{603DA103-70F7-4323-8EA6-8732DB7DAA5F}"
EndProject
Global
	GlobalSection(SolutionConfigurationPlatforms) = preSolution
		Debug|Any CPU = Debug|Any CPU
		Release|Any CPU = Release|Any CPU
	EndGlobalSection
	GlobalSection(ProjectConfigurationPlatforms) = postSolution
		{603DA103-70F7-4323-8EA6-8732DB7DAA5F}.Debug|Any CPU.ActiveCfg = Debug|Any CPU
		{603DA103-70F7-4323-8EA6-8732DB7DAA5F}.Debug|Any CPU.Build.0 = Debug|Any CPU
		{603DA103-70F7-4323-8EA6-8732DB7DAA5F}.Release|Any CPU.ActiveCfg = Release|Any CPU
		{603DA103-70F7-4323-8EA6-8732DB7DAA5F}.Release|Any CPU.Build.0 = Release|Any CPU
	EndGlobalSection
	GlobalSection(SolutionProperties) = preSolution
		HideSolutionNode = FALSE
	EndGlobalSection
	GlobalSection(ExtensibilityGlobals) = postSolution
		SolutionGuid = {C8235674-F5C6-47E6-8E25-E4D854BD2735}
	EndGlobalSection
EndGlobal
